<?xml version="1.0" encoding="utf-8"?>
<Project ToolsVersion="4.0" xmlns="http://schemas.microsoft.com/developer/msbuild/2003">
  <ItemGroup>
    <ClCompile Include="src\SolidSphere.cpp" />
    <ClCompile Include="src\Shape.cpp" />
    <ClCompile Include="src\Program.cpp" />
    <ClCompile Include="src\IndexBuffer.cpp" />
    <ClCompile Include="src\main.cpp" />
    <ClCompile Include="src\Shader.cpp" />
    <ClCompile Include="src\VertexBuffer.cpp" />
    <ClCompile Include="src\Window.cpp" />
    <ClCompile Include="src\Render.cpp" />
    <ClCompile Include="src\SimulationObject.cpp" />
    <ClCompile Include="src\SphereMesh.cpp" />
    <ClCompile Include="src\Particle.cpp" />
    <ClCompile Include="src\Camera.cpp" />
    <ClCompile Include="src\Texture.cpp" />
  </ItemGroup>
  <ItemGroup>
    <ClInclude Include="src\SolidSphere.h" />
    <ClInclude Include="src\Shape.h" />
    <ClInclude Include="src\Program.h" />
    <ClInclude Include="src\IndexBuffer.h" />
    <ClInclude Include="src\Shader.h" />
    <ClInclude Include="src\VertexBuffer.h" />
    <ClInclude Include="src\Window.h" />
    <ClInclude Include="src\Render.h" />
    <ClInclude Include="src\SimulationObject.h" />
    <ClInclude Include="src\SphereMesh.h" />
    <ClInclude Include="src\Particle.h" />
    <ClInclude Include="src\Camera.h" />
    <ClInclude Include="src\Texture.h" />
  </ItemGroup>
  <ItemGroup>
    <None Include="resources\shaders\fragment_shader.glsl" />
    <None Include="resources\shaders\vertex_shader.glsl" />
  </ItemGroup>
</Project>